
Microsoft Visual Studio Solution File, Format Version 12.00
# Visual Studio Version 16
VisualStudioVersion = 16.0.30517.126
MinimumVisualStudioVersion = 10.0.40219.1
Project("{FAE04EC0-301F-11D3-BF4B-00C04F79EFBC}") = "Xyrille.ResearchDatabaseManagement.Windows", "Xyrille.ResearchDatabaseManagement.Windows\Xyrille.ResearchDatabaseManagement.Windows.csproj", "{3A60DDAB-0140-4FEF-AD89-E481FA75FAE1}"
EndProject
Global
	GlobalSection(SolutionConfigurationPlatforms) = preSolution
		Debug|Any CPU = Debug|Any CPU
		Release|Any CPU = Release|Any CPU
	EndGlobalSection
	GlobalSection(ProjectConfigurationPlatforms) = postSolution
		{3A60DDAB-0140-4FEF-AD89-E481FA75FAE1}.Debug|Any CPU.ActiveCfg = Debug|Any CPU
		{3A60DDAB-0140-4FEF-AD89-E481FA75FAE1}.Debug|Any CPU.Build.0 = Debug|Any CPU
		{3A60DDAB-0140-4FEF-AD89-E481FA75FAE1}.Release|Any CPU.ActiveCfg = Release|Any CPU
		{3A60DDAB-0140-4FEF-AD89-E481FA75FAE1}.Release|Any CPU.Build.0 = Release|Any CPU
	EndGlobalSection
	GlobalSection(SolutionProperties) = preSolution
		HideSolutionNode = FALSE
	EndGlobalSection
	GlobalSection(ExtensibilityGlobals) = postSolution
		SolutionGuid = {69405BF7-2518-43D6-B7D4-FE4A9F9B3DAF}
	EndGlobalSection
EndGlobal
